
Microsoft Visual Studio Solution File, Format Version 12.00
# Visual Studio Version 16
VisualStudioVersion = 16.0.31229.75
MinimumVisualStudioVersion = 10.0.40219.1
Project("{FAE04EC0-301F-11D3-BF4B-00C04F79EFBC}") = "BlackJack", "BlackJack\BlackJack.csproj", "{C93C1CB8-D1C9-4730-AA14-752AB3A9D317}"
EndProject
Project("{FAE04EC0-301F-11D3-BF4B-00C04F79EFBC}") = "TestBlackjack", "TestBlackjack\TestBlackjack.csproj", "{B7146876-4F6A-4A83-A3BF-260D7AFC37E5}"
EndProject
Global
	GlobalSection(SolutionConfigurationPlatforms) = preSolution
		Debug|Any CPU = Debug|Any CPU
		Release|Any CPU = Release|Any CPU
	EndGlobalSection
	GlobalSection(ProjectConfigurationPlatforms) = postSolution
		{C93C1CB8-D1C9-4730-AA14-752AB3A9D317}.Debug|Any CPU.ActiveCfg = Debug|Any CPU
		{C93C1CB8-D1C9-4730-AA14-752AB3A9D317}.Debug|Any CPU.Build.0 = Debug|Any CPU
		{C93C1CB8-D1C9-4730-AA14-752AB3A9D317}.Release|Any CPU.ActiveCfg = Release|Any CPU
		{C93C1CB8-D1C9-4730-AA14-752AB3A9D317}.Release|Any CPU.Build.0 = Release|Any CPU
		{B7146876-4F6A-4A83-A3BF-260D7AFC37E5}.Debug|Any CPU.ActiveCfg = Debug|Any CPU
		{B7146876-4F6A-4A83-A3BF-260D7AFC37E5}.Debug|Any CPU.Build.0 = Debug|Any CPU
		{B7146876-4F6A-4A83-A3BF-260D7AFC37E5}.Release|Any CPU.ActiveCfg = Release|Any CPU
		{B7146876-4F6A-4A83-A3BF-260D7AFC37E5}.Release|Any CPU.Build.0 = Release|Any CPU
	EndGlobalSection
	GlobalSection(SolutionProperties) = preSolution
		HideSolutionNode = FALSE
	EndGlobalSection
	GlobalSection(ExtensibilityGlobals) = postSolution
		SolutionGuid = {2E5B7494-2308-49B4-89BE-68D689B292FC}
	EndGlobalSection
EndGlobal
